
Microsoft Visual Studio Solution File, Format Version 12.00
# Visual Studio Version 17
VisualStudioVersion = 17.4.33403.182
MinimumVisualStudioVersion = 10.0.40219.1
Project("{9A19103F-16F7-4668-BE54-9A1E7A4F7556}") = "OnlineBookStore.Core", "OnlineBookStore.Core\OnlineBookStore.Core.csproj", "{7A50E455-0FFA-4761-9B86-9FCE8E02073E}"
EndProject
Project("{9A19103F-16F7-4668-BE54-9A1E7A4F7556}") = "OnlineBookStore.Data", "OnlineBookStore.Data\OnlineBookStore.Data.csproj", "{2084B19F-9928-4CE4-90B8-564A87AA7AA3}"
EndProject
Project("{FAE04EC0-301F-11D3-BF4B-00C04F79EFBC}") = "OnlineBookStore.WinApp", "OnlineBookStore.WinApp\OnlineBookStore.WinApp.csproj", "{9144190A-506A-40F7-B818-44559BEFA0EA}"
EndProject
Project("{FAE04EC0-301F-11D3-BF4B-00C04F79EFBC}") = "OnlineBookStore.WebApi", "OnlineBookStore.WebApi\OnlineBookStore.WebApi.csproj", "{C49C10CC-0CBE-400D-B359-E5EE95F24B82}"
EndProject
Project("{FAE04EC0-301F-11D3-BF4B-00C04F79EFBC}") = "OnlineBookStore.Services", "OnlineBookStore.Services\OnlineBookStore.Services.csproj", "{8EB29D3A-EF63-4052-86D4-B320C1D30EC4}"
EndProject
Global
	GlobalSection(SolutionConfigurationPlatforms) = preSolution
		Debug|Any CPU = Debug|Any CPU
		Release|Any CPU = Release|Any CPU
	EndGlobalSection
	GlobalSection(ProjectConfigurationPlatforms) = postSolution
		{7A50E455-0FFA-4761-9B86-9FCE8E02073E}.Debug|Any CPU.ActiveCfg = Debug|Any CPU
		{7A50E455-0FFA-4761-9B86-9FCE8E02073E}.Debug|Any CPU.Build.0 = Debug|Any CPU
		{7A50E455-0FFA-4761-9B86-9FCE8E02073E}.Release|Any CPU.ActiveCfg = Release|Any CPU
		{7A50E455-0FFA-4761-9B86-9FCE8E02073E}.Release|Any CPU.Build.0 = Release|Any CPU
		{2084B19F-9928-4CE4-90B8-564A87AA7AA3}.Debug|Any CPU.ActiveCfg = Debug|Any CPU
		{2084B19F-9928-4CE4-90B8-564A87AA7AA3}.Debug|Any CPU.Build.0 = Debug|Any CPU
		{2084B19F-9928-4CE4-90B8-564A87AA7AA3}.Release|Any CPU.ActiveCfg = Release|Any CPU
		{2084B19F-9928-4CE4-90B8-564A87AA7AA3}.Release|Any CPU.Build.0 = Release|Any CPU
		{9144190A-506A-40F7-B818-44559BEFA0EA}.Debug|Any CPU.ActiveCfg = Debug|Any CPU
		{9144190A-506A-40F7-B818-44559BEFA0EA}.Debug|Any CPU.Build.0 = Debug|Any CPU
		{9144190A-506A-40F7-B818-44559BEFA0EA}.Release|Any CPU.ActiveCfg = Release|Any CPU
		{9144190A-506A-40F7-B818-44559BEFA0EA}.Release|Any CPU.Build.0 = Release|Any CPU
		{C49C10CC-0CBE-400D-B359-E5EE95F24B82}.Debug|Any CPU.ActiveCfg = Debug|Any CPU
		{C49C10CC-0CBE-400D-B359-E5EE95F24B82}.Debug|Any CPU.Build.0 = Debug|Any CPU
		{C49C10CC-0CBE-400D-B359-E5EE95F24B82}.Release|Any CPU.ActiveCfg = Release|Any CPU
		{C49C10CC-0CBE-400D-B359-E5EE95F24B82}.Release|Any CPU.Build.0 = Release|Any CPU
		{8EB29D3A-EF63-4052-86D4-B320C1D30EC4}.Debug|Any CPU.ActiveCfg = Debug|Any CPU
		{8EB29D3A-EF63-4052-86D4-B320C1D30EC4}.Debug|Any CPU.Build.0 = Debug|Any CPU
		{8EB29D3A-EF63-4052-86D4-B320C1D30EC4}.Release|Any CPU.ActiveCfg = Release|Any CPU
		{8EB29D3A-EF63-4052-86D4-B320C1D30EC4}.Release|Any CPU.Build.0 = Release|Any CPU
	EndGlobalSection
	GlobalSection(SolutionProperties) = preSolution
		HideSolutionNode = FALSE
	EndGlobalSection
	GlobalSection(ExtensibilityGlobals) = postSolution
		SolutionGuid = {E95A1886-E411-423C-A393-03E48804596F}
	EndGlobalSection
EndGlobal
